{
    "_readme": [
        "This file locks the dependencies of your project to a known state",
        "Read more about it at https://getcomposer.org/doc/01-basic-usage.md#installing-dependencies",
        "This file is @generated automatically"
    ],
    "content-hash": "21c7cf26594352a7ed3d06076fb8584d",
    "packages": [
        {
            "name": "twilio/sdk",
            "version": "5.30.2",
            "source": {
                "type": "git",
                "url": "https://github.com/twilio/twilio-php.git",
                "reference": "e54f54597849344edd40f86e12b17c1ac815e65b"
            },
            "dist": {
                "type": "zip",
                "url": "https://api.github.com/repos/twilio/twilio-php/zipball/e54f54597849344edd40f86e12b17c1ac815e65b",
                "reference": "e54f54597849344edd40f86e12b17c1ac815e65b",
                "shasum": ""
            },
            "require": {
                "php": ">=5.5.0"
            },
            "require-dev": {
                "apigen/apigen": "^4.1",
                "phpunit/phpunit": "4.5.*"
            },
            "type": "library",
            "autoload": {
                "psr-4": {
                    "Twilio\\": "Twilio/"
                }
            },
            "notification-url": "https://packagist.org/downloads/",
            "license": [
                "MIT"
            ],
            "authors": [
                {
                    "name": "Twilio API Team",
                    "email": "api@twilio.com"
                }
            ],
            "description": "A PHP wrapper for Twilio's API",
            "homepage": "http://github.com/twilio/twilio-php",
            "keywords": [
                "api",
                "sms",
                "twilio"
            ],
            "time": "2019-03-15T20:38:12+00:00"
        }
    ],
    "packages-dev": [],
    "aliases": [],
    "minimum-stability": "stable",
    "stability-flags": [],
    "prefer-stable": false,
    "prefer-lowest": false,
    "platform": {
        "ext-json": "*"
    },
    "platform-dev": []
}
